<?xml version="1.0" encoding="utf-8"?>
<Project ToolsVersion="4.0" xmlns="http://schemas.microsoft.com/developer/msbuild/2003">
  <ItemGroup>
    <Filter Include="Source Files">
      <UniqueIdentifier>{4FC737F1-C7A5-4376-A066-2A32D752A2FF}</UniqueIdentifier>
      <Extensions>cpp;cxx;c;def</Extensions>
    </Filter>
    <Filter Include="Header Files">
      <UniqueIdentifier>{93995380-89BD-4b04-88EB-625FBE52EBFB}</UniqueIdentifier>
      <Extensions>h</Extensions>
    </Filter>
    <Filter Include="Resource Files">
      <UniqueIdentifier>{D9D6E242-F8AF-46E4-B9FD-80ECBC20BA3E}</UniqueIdentifier>
      <Extensions>qrc;*</Extensions>
      <ParseFiles>false</ParseFiles>
    </Filter>
    <Filter Include="Generated Files">
      <UniqueIdentifier>{71ED8ED8-ACB9-4CE9-BBE1-E00B30144E11}</UniqueIdentifier>
      <Extensions>moc;h;cpp</Extensions>
      <SourceControlFiles>False</SourceControlFiles>
    </Filter>
    <Filter Include="Generated Files\Debug">
      <UniqueIdentifier>{46dd1656-bc2d-4a64-98cc-a599c8859158}</UniqueIdentifier>
      <Extensions>cpp;moc</Extensions>
      <SourceControlFiles>False</SourceControlFiles>
    </Filter>
    <Filter Include="Generated Files\Release">
      <UniqueIdentifier>{9b4c766d-d1cd-4779-bf29-54ac442e967b}</UniqueIdentifier>
      <Extensions>cpp;moc</Extensions>
      <SourceControlFiles>False</SourceControlFiles>
    </Filter>
    <Filter Include="XML Resources">
      <UniqueIdentifier>{9c95e74b-28cd-4d06-87b7-b93b9bee97e8}</UniqueIdentifier>
    </Filter>
    <Filter Include="Form Files">
      <UniqueIdentifier>{99349809-55BA-4b9d-BF79-8FDBB0286EB3}</UniqueIdentifier>
      <Extensions>ui</Extensions>
    </Filter>
    <Filter Include="Network">
      <UniqueIdentifier>{12924d84-ac8d-4751-ab1c-4e16ccde374f}</UniqueIdentifier>
    </Filter>
    <Filter Include="Serializables">
      <UniqueIdentifier>{49bc084a-21f8-4f62-b106-3a38d98bc283}</UniqueIdentifier>
    </Filter>
    <Filter Include="Database">
      <UniqueIdentifier>{c69341b2-596c-4d03-b18f-ac2d964c79bc}</UniqueIdentifier>
    </Filter>
    <Filter Include="TinyXML">
      <UniqueIdentifier>{742b385a-59c6-4ff3-b565-7ce0218632c2}</UniqueIdentifier>
    </Filter>
    <Filter Include="Event Handler">
      <UniqueIdentifier>{8e397585-b1d8-4037-9343-5922056898ff}</UniqueIdentifier>
    </Filter>
  </ItemGroup>
  <ItemGroup>
    <ClCompile Include="main.cpp">
      <Filter>Source Files</Filter>
    </ClCompile>
    <ClCompile Include="ExecEngine.cpp">
      <Filter>Source Files</Filter>
    </ClCompile>
    <ClCompile Include="GeneratedFiles\Debug\moc_ExecEngine.cpp">
      <Filter>Generated Files\Debug</Filter>
    </ClCompile>
    <ClCompile Include="GeneratedFiles\Release\moc_ExecEngine.cpp">
      <Filter>Generated Files\Release</Filter>
    </ClCompile>
    <ClCompile Include="GeneratedFiles\qrc_ExecEngine.cpp">
      <Filter>Generated Files</Filter>
    </ClCompile>
    <ClCompile Include="Network.cpp">
      <Filter>Network</Filter>
    </ClCompile>
    <ClCompile Include="MySQL.cpp">
      <Filter>Database</Filter>
    </ClCompile>
    <ClCompile Include="SterlingEvnt.cpp">
      <Filter>Event Handler</Filter>
    </ClCompile>
    <ClCompile Include="tinystr.cpp">
      <Filter>TinyXML</Filter>
    </ClCompile>
    <ClCompile Include="tinyxml.cpp">
      <Filter>TinyXML</Filter>
    </ClCompile>
    <ClCompile Include="tinyxmlerror.cpp">
      <Filter>TinyXML</Filter>
    </ClCompile>
    <ClCompile Include="tinyxmlparser.cpp">
      <Filter>TinyXML</Filter>
    </ClCompile>
    <ClCompile Include="RTypes.pb.cc">
      <Filter>Serializables</Filter>
    </ClCompile>
    <ClCompile Include="OrderMgr.cpp">
      <Filter>Event Handler</Filter>
    </ClCompile>
    <ClCompile Include="OptionHandler.cpp">
      <Filter>Event Handler</Filter>
    </ClCompile>
    <ClCompile Include="Utility.cpp">
      <Filter>Source Files</Filter>
    </ClCompile>
  </ItemGroup>
  <ItemGroup>
    <CustomBuild Include="ExecEngine.h">
      <Filter>Header Files</Filter>
    </CustomBuild>
    <CustomBuild Include="ExecEngine.ui">
      <Filter>Form Files</Filter>
    </CustomBuild>
    <CustomBuild Include="ExecEngine.qrc">
      <Filter>Resource Files</Filter>
    </CustomBuild>
    <CustomBuild Include="Network.h">
      <Filter>Network</Filter>
    </CustomBuild>
  </ItemGroup>
  <ItemGroup>
    <ClInclude Include="GeneratedFiles\ui_ExecEngine.h">
      <Filter>Generated Files</Filter>
    </ClInclude>
    <ClInclude Include="StratManager.h">
      <Filter>Header Files</Filter>
    </ClInclude>
    <ClInclude Include="tinystr.h">
      <Filter>TinyXML</Filter>
    </ClInclude>
    <ClInclude Include="tinyxml.h">
      <Filter>TinyXML</Filter>
    </ClInclude>
    <ClInclude Include="MySQL.h">
      <Filter>Database</Filter>
    </ClInclude>
    <ClInclude Include="External.h">
      <Filter>Header Files</Filter>
    </ClInclude>
    <ClInclude Include="SterlingEvnt.h">
      <Filter>Event Handler</Filter>
    </ClInclude>
    <ClInclude Include="RTypes.pb.h">
      <Filter>Serializables</Filter>
    </ClInclude>
    <ClInclude Include="OrderMgr.h">
      <Filter>Event Handler</Filter>
    </ClInclude>
    <ClInclude Include="UpdateTrade.h">
      <Filter>Header Files</Filter>
    </ClInclude>
    <ClInclude Include="OptionHandler.h">
      <Filter>Event Handler</Filter>
    </ClInclude>
    <ClInclude Include="Utility.h">
      <Filter>Source Files</Filter>
    </ClInclude>
  </ItemGroup>
  <ItemGroup>
    <None Include="OrderUpdate.xml">
      <Filter>XML Resources</Filter>
    </None>
    <None Include="OrderConfirm.xml">
      <Filter>XML Resources</Filter>
    </None>
    <None Include="TradeUpdate.xml">
      <Filter>XML Resources</Filter>
    </None>
  </ItemGroup>
</Project>